
Microsoft Visual Studio Solution File, Format Version 12.00
# Visual Studio 15
VisualStudioVersion = 15.0.27428.2043
MinimumVisualStudioVersion = 10.0.40219.1
Project("{2150E333-8FDC-42A3-9474-1A3956D46DE8}") = "tests", "tests", "{505538C3-B34D-4B43-BDE6-C6E974AB03A6}"
EndProject
Project("{9A19103F-16F7-4668-BE54-9A1E7A4F7556}") = "Microsoft.AspNet.SignalR.ClientNetStandard2", "src\Microsoft.AspNet.SignalR.ClientNetStandard2\Microsoft.AspNet.SignalR.ClientNetStandard2.csproj", "{50F8A174-695E-498C-B105-BDBE6B398646}"
EndProject
Project("{9A19103F-16F7-4668-BE54-9A1E7A4F7556}") = "Microsoft.AspNet.SignalR.Client.Tests", "tests\Microsoft.AspNet.SignalR.Client.Tests\Microsoft.AspNet.SignalR.Client.Tests.csproj", "{8B9D292A-0F2D-444D-9A61-2D96A0E7041E}"
EndProject
Global
	GlobalSection(SolutionConfigurationPlatforms) = preSolution
		Debug|Any CPU = Debug|Any CPU
		Debug|ARM = Debug|ARM
		Debug|Mixed Platforms = Debug|Mixed Platforms
		Debug|x64 = Debug|x64
		Debug|x86 = Debug|x86
		Release|Any CPU = Release|Any CPU
		Release|ARM = Release|ARM
		Release|Mixed Platforms = Release|Mixed Platforms
		Release|x64 = Release|x64
		Release|x86 = Release|x86
	EndGlobalSection
	GlobalSection(ProjectConfigurationPlatforms) = postSolution
		{50F8A174-695E-498C-B105-BDBE6B398646}.Debug|Any CPU.ActiveCfg = Debug|Any CPU
		{50F8A174-695E-498C-B105-BDBE6B398646}.Debug|Any CPU.Build.0 = Debug|Any CPU
		{50F8A174-695E-498C-B105-BDBE6B398646}.Debug|ARM.ActiveCfg = Debug|Any CPU
		{50F8A174-695E-498C-B105-BDBE6B398646}.Debug|Mixed Platforms.ActiveCfg = Debug|Any CPU
		{50F8A174-695E-498C-B105-BDBE6B398646}.Debug|Mixed Platforms.Build.0 = Debug|Any CPU
		{50F8A174-695E-498C-B105-BDBE6B398646}.Debug|x64.ActiveCfg = Debug|Any CPU
		{50F8A174-695E-498C-B105-BDBE6B398646}.Debug|x86.ActiveCfg = Debug|Any CPU
		{50F8A174-695E-498C-B105-BDBE6B398646}.Release|Any CPU.ActiveCfg = Release|Any CPU
		{50F8A174-695E-498C-B105-BDBE6B398646}.Release|Any CPU.Build.0 = Release|Any CPU
		{50F8A174-695E-498C-B105-BDBE6B398646}.Release|ARM.ActiveCfg = Release|Any CPU
		{50F8A174-695E-498C-B105-BDBE6B398646}.Release|Mixed Platforms.ActiveCfg = Release|Any CPU
		{50F8A174-695E-498C-B105-BDBE6B398646}.Release|Mixed Platforms.Build.0 = Release|Any CPU
		{50F8A174-695E-498C-B105-BDBE6B398646}.Release|x64.ActiveCfg = Release|Any CPU
		{50F8A174-695E-498C-B105-BDBE6B398646}.Release|x86.ActiveCfg = Release|Any CPU
		{8B9D292A-0F2D-444D-9A61-2D96A0E7041E}.Debug|Any CPU.ActiveCfg = Debug|Any CPU
		{8B9D292A-0F2D-444D-9A61-2D96A0E7041E}.Debug|Any CPU.Build.0 = Debug|Any CPU
		{8B9D292A-0F2D-444D-9A61-2D96A0E7041E}.Debug|ARM.ActiveCfg = Debug|Any CPU
		{8B9D292A-0F2D-444D-9A61-2D96A0E7041E}.Debug|Mixed Platforms.ActiveCfg = Debug|Any CPU
		{8B9D292A-0F2D-444D-9A61-2D96A0E7041E}.Debug|Mixed Platforms.Build.0 = Debug|Any CPU
		{8B9D292A-0F2D-444D-9A61-2D96A0E7041E}.Debug|x64.ActiveCfg = Debug|Any CPU
		{8B9D292A-0F2D-444D-9A61-2D96A0E7041E}.Debug|x86.ActiveCfg = Debug|Any CPU
		{8B9D292A-0F2D-444D-9A61-2D96A0E7041E}.Release|Any CPU.ActiveCfg = Release|Any CPU
		{8B9D292A-0F2D-444D-9A61-2D96A0E7041E}.Release|Any CPU.Build.0 = Release|Any CPU
		{8B9D292A-0F2D-444D-9A61-2D96A0E7041E}.Release|ARM.ActiveCfg = Release|Any CPU
		{8B9D292A-0F2D-444D-9A61-2D96A0E7041E}.Release|Mixed Platforms.ActiveCfg = Release|Any CPU
		{8B9D292A-0F2D-444D-9A61-2D96A0E7041E}.Release|Mixed Platforms.Build.0 = Release|Any CPU
		{8B9D292A-0F2D-444D-9A61-2D96A0E7041E}.Release|x64.ActiveCfg = Release|Any CPU
		{8B9D292A-0F2D-444D-9A61-2D96A0E7041E}.Release|x86.ActiveCfg = Release|Any CPU
	EndGlobalSection
	GlobalSection(SolutionProperties) = preSolution
		HideSolutionNode = FALSE
	EndGlobalSection
	GlobalSection(NestedProjects) = preSolution
		{8B9D292A-0F2D-444D-9A61-2D96A0E7041E} = {505538C3-B34D-4B43-BDE6-C6E974AB03A6}
	EndGlobalSection
	GlobalSection(ExtensibilityGlobals) = postSolution
		SolutionGuid = {B85A2700-D745-4DC3-84F3-C3AA45633148}
	EndGlobalSection
EndGlobal
